
Microsoft Visual Studio Solution File, Format Version 12.00
# Visual Studio Version 16
VisualStudioVersion = 16.0.31702.278
MinimumVisualStudioVersion = 10.0.40219.1
Project("{FAE04EC0-301F-11D3-BF4B-00C04F79EFBC}") = "Directories", "Directories.csproj", "{463B3709-6A18-4DB5-A351-AF6102911831}"
EndProject
Global
	GlobalSection(SolutionConfigurationPlatforms) = preSolution
		Debug|Any CPU = Debug|Any CPU
		Release|Any CPU = Release|Any CPU
	EndGlobalSection
	GlobalSection(ProjectConfigurationPlatforms) = postSolution
		{463B3709-6A18-4DB5-A351-AF6102911831}.Debug|Any CPU.ActiveCfg = Debug|Any CPU
		{463B3709-6A18-4DB5-A351-AF6102911831}.Debug|Any CPU.Build.0 = Debug|Any CPU
		{463B3709-6A18-4DB5-A351-AF6102911831}.Release|Any CPU.ActiveCfg = Release|Any CPU
		{463B3709-6A18-4DB5-A351-AF6102911831}.Release|Any CPU.Build.0 = Release|Any CPU
	EndGlobalSection
	GlobalSection(SolutionProperties) = preSolution
		HideSolutionNode = FALSE
	EndGlobalSection
	GlobalSection(ExtensibilityGlobals) = postSolution
		SolutionGuid = {8E266ECD-BA5D-4928-BB3F-7AE2C655E644}
	EndGlobalSection
EndGlobal
